// !$*UTF8*$!
{
	archiveVersion = 1;
	classes = {
	};
	objectVersion = 46;
	objects = {

/* Begin PBXBuildFile section */
		BFFCB1561D9E8AA000B7BD3B /* AppDelegate.swift in Sources */ = {isa = PBXBuildFile; fileRef = BFFCB1551D9E8AA000B7BD3B /* AppDelegate.swift */; };
		BFFCB1581D9E8AA000B7BD3B /* ViewController.swift in Sources */ = {isa = PBXBuildFile; fileRef = BFFCB1571D9E8AA000B7BD3B /* ViewController.swift */; };
		BFFCB15B1D9E8AA000B7BD3B /* Main.storyboard in Resources */ = {isa = PBXBuildFile; fileRef = BFFCB1591D9E8AA000B7BD3B /* Main.storyboard */; };
		BFFCB15D1D9E8AA000B7BD3B /* Assets.xcassets in Resources */ = {isa = PBXBuildFile; fileRef = BFFCB15C1D9E8AA000B7BD3B /* Assets.xcassets */; };
		BFFCB1601D9E8AA000B7BD3B /* LaunchScreen.storyboard in Resources */ = {isa = PBXBuildFile; fileRef = BFFCB15E1D9E8AA000B7BD3B /* LaunchScreen.storyboard */; };
/* End PBXBuildFile section */

/* Begin PBXFileReference section */
		BFFCB1521D9E8AA000B7BD3B /* MyFavoriteEmojis.app */ = {isa = PBXFileReference; explicitFileType = wrapper.application; includeInIndex = 0; path = MyFavoriteEmojis.app; sourceTree = BUILT_PRODUCTS_DIR; };
		BFFCB1551D9E8AA000B7BD3B /* AppDelegate.swift */ = {isa = PBXFileReference; lastKnownFileType = sourcecode.swift; path = AppDelegate.swift; sourceTree = "<group>"; };
		BFFCB1571D9E8AA000B7BD3B /* ViewController.swift */ = {isa = PBXFileReference; lastKnownFileType = sourcecode.swift; path = ViewController.swift; sourceTree = "<group>"; };
		BFFCB15A1D9E8AA000B7BD3B /* Base */ = {isa = PBXFileReference; lastKnownFileType = file.storyboard; name = Base; path = Base.lproj/Main.storyboard; sourceTree = "<group>"; };
		BFFCB15C1D9E8AA000B7BD3B /* Assets.xcassets */ = {isa = PBXFileReference; lastKnownFileType = folder.assetcatalog; path = Assets.xcassets; sourceTree = "<group>"; };
		BFFCB15F1D9E8AA000B7BD3B /* Base */ = {isa = PBXFileReference; lastKnownFileType = file.storyboard; name = Base; path = Base.lproj/LaunchScreen.storyboard; sourceTree = "<group>"; };
		BFFCB1611D9E8AA000B7BD3B /* Info.plist */ = {isa = PBXFileReference; lastKnownFileType = text.plist.xml; path = Info.plist; sourceTree = "<group>"; };
/* End PBXFileReference section */

/* Begin PBXFrameworksBuildPhase section */
		BFFCB14F1D9E8AA000B7BD3B /* Frameworks */ = {
			isa = PBXFrameworksBuildPhase;
			buildActionMask = 2147483647;
			files = (
			);
			runOnlyForDeploymentPostprocessing = 0;
		};
/* End PBXFrameworksBuildPhase section */

/* Begin PBXGroup section */
		BFFCB1491D9E8A9F00B7BD3B = {
			isa = PBXGroup;
			children = (
				BFFCB1541D9E8AA000B7BD3B /* MyFavoriteEmojis */,
				BFFCB1531D9E8AA000B7BD3B /* Products */,
			);
			sourceTree = "<group>";
		};
		BFFCB1531D9E8AA000B7BD3B /* Products */ = {
			isa = PBXGroup;
			children = (
				BFFCB1521D9E8AA000B7BD3B /* MyFavoriteEmojis.app */,
			);
			name = Products;
			sourceTree = "<group>";
		};
		BFFCB1541D9E8AA000B7BD3B /* MyFavoriteEmojis */ = {
			isa = PBXGroup;
			children = (
				BFFCB1551D9E8AA000B7BD3B /* AppDelegate.swift */,
				BFFCB1571D9E8AA000B7BD3B /* ViewController.swift */,
				BFFCB1591D9E8AA000B7BD3B /* Main.storyboard */,
				BFFCB15C1D9E8AA000B7BD3B /* Assets.xcassets */,
				BFFCB15E1D9E8AA000B7BD3B /* LaunchScreen.storyboard */,
				BFFCB1611D9E8AA000B7BD3B /* Info.plist */,
			);
			path = MyFavoriteEmojis;
			sourceTree = "<group>";
		};
/* End PBXGroup section */

/* Begin PBXNativeTarget section */
		BFFCB1511D9E8AA000B7BD3B /* MyFavoriteEmojis */ = {
			isa = PBXNativeTarget;
			buildConfigurationList = BFFCB1641D9E8AA000B7BD3B /* Build configuration list for PBXNativeTarget "MyFavoriteEmojis" */;
			buildPhases = (
				BFFCB14E1D9E8AA000B7BD3B /* Sources */,
				BFFCB14F1D9E8AA000B7BD3B /* Frameworks */,
				BFFCB1501D9E8AA000B7BD3B /* Resources */,
			);
			buildRules = (
			);
			dependencies = (
			);
			name = MyFavoriteEmojis;
			productName = MyFavoriteEmojis;
			productReference = BFFCB1521D9E8AA000B7BD3B /* MyFavoriteEmojis.app */;
			productType = "com.apple.product-type.application";
		};
/* End PBXNativeTarget section */

/* Begin PBXProject section */
		BFFCB14A1D9E8A9F00B7BD3B /* Project object */ = {
			isa = PBXProject;
			attributes = {
				LastSwiftUpdateCheck = 0800;
				LastUpgradeCheck = 0800;
				ORGANIZATIONNAME = BHSRam5;
				TargetAttributes = {
					BFFCB1511D9E8AA000B7BD3B = {
						CreatedOnToolsVersion = 8.0;
						ProvisioningStyle = Automatic;
					};
				};
			};
			buildConfigurationList = BFFCB14D1D9E8A9F00B7BD3B /* Build configuration list for PBXProject "MyFavoriteEmojis" */;
			compatibilityVersion = "Xcode 3.2";
			developmentRegion = English;
			hasScannedForEncodings = 0;
			knownRegions = (
				en,
				Base,
			);
			mainGroup = BFFCB1491D9E8A9F00B7BD3B;
			productRefGroup = BFFCB1531D9E8AA000B7BD3B /* Products */;
			projectDirPath = "";
			projectRoot = "";
			targets = (
				BFFCB1511D9E8AA000B7BD3B /* MyFavoriteEmojis */,
			);
		};
/* End PBXProject section */

/* Begin PBXResourcesBuildPhase section */
		BFFCB1501D9E8AA000B7BD3B /* Resources */ = {
			isa = PBXResourcesBuildPhase;
			buildActionMask = 2147483647;
			files = (
				BFFCB1601D9E8AA000B7BD3B /* LaunchScreen.storyboard in Resources */,
				BFFCB15D1D9E8AA000B7BD3B /* Assets.xcassets in Resources */,
				BFFCB15B1D9E8AA000B7BD3B /* Main.storyboard in Resources */,
			);
			runOnlyForDeploymentPostprocessing = 0;
		};
/* End PBXResourcesBuildPhase section */

/* Begin PBXSourcesBuildPhase section */
		BFFCB14E1D9E8AA000B7BD3B /* Sources */ = {
			isa = PBXSourcesBuildPhase;
			buildActionMask = 2147483647;
			files = (
				BFFCB1581D9E8AA000B7BD3B /* ViewController.swift in Sources */,
				BFFCB1561D9E8AA000B7BD3B /* AppDelegate.swift in Sources */,
			);
			runOnlyForDeploymentPostprocessing = 0;
		};
/* End PBXSourcesBuildPhase section */

/* Begin PBXVariantGroup section */
		BFFCB1591D9E8AA000B7BD3B /* Main.storyboard */ = {
			isa = PBXVariantGroup;
			children = (
				BFFCB15A1D9E8AA000B7BD3B /* Base */,
			);
			name = Main.storyboard;
			sourceTree = "<group>";
		};
		BFFCB15E1D9E8AA000B7BD3B /* LaunchScreen.storyboard */ = {
			isa = PBXVariantGroup;
			children = (
				BFFCB15F1D9E8AA000B7BD3B /* Base */,
			);
			name = LaunchScreen.storyboard;
			sourceTree = "<group>";
		};
/* End PBXVariantGroup section */

/* Begin XCBuildConfiguration section */
		BFFCB1621D9E8AA000B7BD3B /* Debug */ = {
			isa = XCBuildConfiguration;
			buildSettings = {
				ALWAYS_SEARCH_USER_PATHS = NO;
				CLANG_ANALYZER_NONNULL = YES;
				CLANG_CXX_LANGUAGE_STANDARD = "gnu++0x";
				CLANG_CXX_LIBRARY = "libc++";
				CLANG_ENABLE_MODULES = YES;
				CLANG_ENABLE_OBJC_ARC = YES;
				CLANG_WARN_BOOL_CONVERSION = YES;
				CLANG_WARN_CONSTANT_CONVERSION = YES;
				CLANG_WARN_DIRECT_OBJC_ISA_USAGE = YES_ERROR;
				CLANG_WARN_DOCUMENTATION_COMMENTS = YES;
				CLANG_WARN_EMPTY_BODY = YES;
				CLANG_WARN_ENUM_CONVERSION = YES;
				CLANG_WARN_INFINITE_RECURSION = YES;
				CLANG_WARN_INT_CONVERSION = YES;
				CLANG_WARN_OBJC_ROOT_CLASS = YES_ERROR;
				CLANG_WARN_SUSPICIOUS_MOVES = YES;
				CLANG_WARN_UNREACHABLE_CODE = YES;
				CLANG_WARN__DUPLICATE_METHOD_MATCH = YES;
				"CODE_SIGN_IDENTITY[sdk=iphoneos*]" = "iPhone Developer";
				COPY_PHASE_STRIP = NO;
				DEBUG_INFORMATION_FORMAT = dwarf;
				ENABLE_STRICT_OBJC_MSGSEND = YES;
				ENABLE_TESTABILITY = YES;
				GCC_C_LANGUAGE_STANDARD = gnu99;
				GCC_DYNAMIC_NO_PIC = NO;
				GCC_NO_COMMON_BLOCKS = YES;
				GCC_OPTIMIZATION_LEVEL = 0;
				GCC_PREPROCESSOR_DEFINITIONS = (
					"DEBUG=1",
					"$(inherited)",
				);
				GCC_WARN_64_TO_32_BIT_CONVERSION = YES;
				GCC_WARN_ABOUT_RETURN_TYPE = YES_ERROR;
				GCC_WARN_UNDECLARED_SELECTOR = YES;
				GCC_WARN_UNINITIALIZED_AUTOS = YES_AGGRESSIVE;
				GCC_WARN_UNUSED_FUNCTION = YES;
				GCC_WARN_UNUSED_VARIABLE = YES;
				IPHONEOS_DEPLOYMENT_TARGET = 10.0;
				MTL_ENABLE_DEBUG_INFO = YES;
				ONLY_ACTIVE_ARCH = YES;
				SDKROOT = iphoneos;
				SWIFT_ACTIVE_COMPILATION_CONDITIONS = DEBUG;
				SWIFT_OPTIMIZATION_LEVEL = "-Onone";
				TARGETED_DEVICE_FAMILY = "1,2";
			};
			name = Debug;
		};
		BFFCB1631D9E8AA000B7BD3B /* Release */ = {
			isa = XCBuildConfiguration;
			buildSettings = {
				ALWAYS_SEARCH_USER_PATHS = NO;
				CLANG_ANALYZER_NONNULL = YES;
				CLANG_CXX_LANGUAGE_STANDARD = "gnu++0x";
				CLANG_CXX_LIBRARY = "libc++";
				CLANG_ENABLE_MODULES = YES;
				CLANG_ENABLE_OBJC_ARC = YES;
				CLANG_WARN_BOOL_CONVERSION = YES;
				CLANG_WARN_CONSTANT_CONVERSION = YES;
				CLANG_WARN_DIRECT_OBJC_ISA_USAGE = YES_ERROR;
				CLANG_WARN_DOCUMENTATION_COMMENTS = YES;
				CLANG_WARN_EMPTY_BODY = YES;
				CLANG_WARN_ENUM_CONVERSION = YES;
				CLANG_WARN_INFINITE_RECURSION = YES;
				CLANG_WARN_INT_CONVERSION = YES;
				CLANG_WARN_OBJC_ROOT_CLASS = YES_ERROR;
				CLANG_WARN_SUSPICIOUS_MOVES = YES;
				CLANG_WARN_UNREACHABLE_CODE = YES;
				CLANG_WARN__DUPLICATE_METHOD_MATCH = YES;
				"CODE_SIGN_IDENTITY[sdk=iphoneos*]" = "iPhone Developer";
				COPY_PHASE_STRIP = NO;
				DEBUG_INFORMATION_FORMAT = "dwarf-with-dsym";
				ENABLE_NS_ASSERTIONS = NO;
				ENABLE_STRICT_OBJC_MSGSEND = YES;
				GCC_C_LANGUAGE_STANDARD = gnu99;
				GCC_NO_COMMON_BLOCKS = YES;
				GCC_WARN_64_TO_32_BIT_CONVERSION = YES;
				GCC_WARN_ABOUT_RETURN_TYPE = YES_ERROR;
				GCC_WARN_UNDECLARED_SELECTOR = YES;
				GCC_WARN_UNINITIALIZED_AUTOS = YES_AGGRESSIVE;
				GCC_WARN_UNUSED_FUNCTION = YES;
				GCC_WARN_UNUSED_VARIABLE = YES;
				IPHONEOS_DEPLOYMENT_TARGET = 10.0;
				MTL_ENABLE_DEBUG_INFO = NO;
				SDKROOT = iphoneos;
				SWIFT_OPTIMIZATION_LEVEL = "-Owholemodule";
				TARGETED_DEVICE_FAMILY = "1,2";
				VALIDATE_PRODUCT = YES;
			};
			name = Release;
		};
		BFFCB1651D9E8AA000B7BD3B /* Debug */ = {
			isa = XCBuildConfiguration;
			buildSettings = {
				ASSETCATALOG_COMPILER_APPICON_NAME = AppIcon;
				INFOPLIST_FILE = MyFavoriteEmojis/Info.plist;
				LD_RUNPATH_SEARCH_PATHS = "$(inherited) @executable_path/Frameworks";
				PRODUCT_BUNDLE_IDENTIFIER = badin.MyFavoriteEmojis;
				PRODUCT_NAME = "$(TARGET_NAME)";
				SWIFT_VERSION = 3.0;
			};
			name = Debug;
		};
		BFFCB1661D9E8AA000B7BD3B /* Release */ = {
			isa = XCBuildConfiguration;
			buildSettings = {
				ASSETCATALOG_COMPILER_APPICON_NAME = AppIcon;
				INFOPLIST_FILE = MyFavoriteEmojis/Info.plist;
				LD_RUNPATH_SEARCH_PATHS = "$(inherited) @executable_path/Frameworks";
				PRODUCT_BUNDLE_IDENTIFIER = badin.MyFavoriteEmojis;
				PRODUCT_NAME = "$(TARGET_NAME)";
				SWIFT_VERSION = 3.0;
			};
			name = Release;
		};
/* End XCBuildConfiguration section */

/* Begin XCConfigurationList section */
		BFFCB14D1D9E8A9F00B7BD3B /* Build configuration list for PBXProject "MyFavoriteEmojis" */ = {
			isa = XCConfigurationList;
			buildConfigurations = (
				BFFCB1621D9E8AA000B7BD3B /* Debug */,
				BFFCB1631D9E8AA000B7BD3B /* Release */,
			);
			defaultConfigurationIsVisible = 0;
			defaultConfigurationName = Release;
		};
		BFFCB1641D9E8AA000B7BD3B /* Build configuration list for PBXNativeTarget "MyFavoriteEmojis" */ = {
			isa = XCConfigurationList;
			buildConfigurations = (
				BFFCB1651D9E8AA000B7BD3B /* Debug */,
				BFFCB1661D9E8AA000B7BD3B /* Release */,
			);
			defaultConfigurationIsVisible = 0;
		};
/* End XCConfigurationList section */
	};
	rootObject = BFFCB14A1D9E8A9F00B7BD3B /* Project object */;
}
